
Microsoft Visual Studio Solution File, Format Version 12.00
# Visual Studio Version 17
VisualStudioVersion = 17.9.34723.18
MinimumVisualStudioVersion = 10.0.40219.1
Project("{8BC9CEB8-8B4A-11D0-8D11-00A0C91BC942}") = "综合截图工具", "综合截图工具\综合截图工具.vcxproj", "{306EBD9E-F0B4-402E-BEAB-9188C885F243}"
EndProject
Project("{8BC9CEB8-8B4A-11D0-8D11-00A0C91BC942}") = "轨道编辑器", "轨道编辑器\轨道编辑器.vcxproj", "{78D5D57A-0068-486E-A657-07F7AF9F7866}"
EndProject
Project("{8BC9CEB8-8B4A-11D0-8D11-00A0C91BC942}") = "测试", "测试\测试.vcxproj", "{EF822D69-CF3D-43AD-B165-88BBFFAFB3A1}"
EndProject
Project("{8BC9CEB8-8B4A-11D0-8D11-00A0C91BC942}") = "轨道编辑器安装包", "轨道编辑器安装包\轨道编辑器安装包.vcxproj", "{64038FA4-4966-4477-95E9-F90F1CA04E91}"
EndProject
Project("{8BC9CEB8-8B4A-11D0-8D11-00A0C91BC942}") = "大赛最短路", "大赛最短路\大赛最短路.vcxproj", "{109BC31E-9E9D-40B2-885B-FDBEC369274E}"
EndProject
Project("{8BC9CEB8-8B4A-11D0-8D11-00A0C91BC942}") = "测试3", "测试3\测试3.vcxproj", "{AC6C0815-21D9-4B62-B190-4BCDE8CB5597}"
EndProject
Project("{8BC9CEB8-8B4A-11D0-8D11-00A0C91BC942}") = "轨道执行器", "轨道执行器\轨道执行器.vcxproj", "{B3B4A54A-03C5-4D9E-B5D3-FCD4FF371291}"
EndProject
Project("{8BC9CEB8-8B4A-11D0-8D11-00A0C91BC942}") = "截图工具", "截图工具\截图工具.vcxproj", "{3E010024-DDC4-4B59-8A17-3906C0249200}"
EndProject
Project("{8BC9CEB8-8B4A-11D0-8D11-00A0C91BC942}") = "FarmersVsLandlord", "FarmersVsLandlord\FarmersVsLandlord.vcxproj", "{A5E037A2-618D-41B5-AAE6-E5F272F666C4}"
EndProject
Project("{8BC9CEB8-8B4A-11D0-8D11-00A0C91BC942}") = "upload", "upload\upload.vcxproj", "{E01F4F8C-59AB-4E9E-BC09-E3ED5043D073}"
EndProject
Project("{8BC9CEB8-8B4A-11D0-8D11-00A0C91BC942}") = "大赛文本获取", "大赛文本获取\大赛文本获取.vcxproj", "{41E4B2E6-6E6B-4679-B73C-88A8256206D8}"
EndProject
Global
	GlobalSection(SolutionConfigurationPlatforms) = preSolution
		Debug|Any CPU = Debug|Any CPU
		Debug|Win32 = Debug|Win32
		Debug|x64 = Debug|x64
		Release|Any CPU = Release|Any CPU
		Release|Win32 = Release|Win32
		Release|x64 = Release|x64
	EndGlobalSection
	GlobalSection(ProjectConfigurationPlatforms) = postSolution
		{306EBD9E-F0B4-402E-BEAB-9188C885F243}.Debug|Any CPU.ActiveCfg = Debug|x64
		{306EBD9E-F0B4-402E-BEAB-9188C885F243}.Debug|Any CPU.Build.0 = Debug|x64
		{306EBD9E-F0B4-402E-BEAB-9188C885F243}.Debug|Win32.ActiveCfg = Debug|Win32
		{306EBD9E-F0B4-402E-BEAB-9188C885F243}.Debug|Win32.Build.0 = Debug|Win32
		{306EBD9E-F0B4-402E-BEAB-9188C885F243}.Debug|x64.ActiveCfg = Debug|x64
		{306EBD9E-F0B4-402E-BEAB-9188C885F243}.Debug|x64.Build.0 = Debug|x64
		{306EBD9E-F0B4-402E-BEAB-9188C885F243}.Release|Any CPU.ActiveCfg = Release|x64
		{306EBD9E-F0B4-402E-BEAB-9188C885F243}.Release|Any CPU.Build.0 = Release|x64
		{306EBD9E-F0B4-402E-BEAB-9188C885F243}.Release|Win32.ActiveCfg = Release|Win32
		{306EBD9E-F0B4-402E-BEAB-9188C885F243}.Release|Win32.Build.0 = Release|Win32
		{306EBD9E-F0B4-402E-BEAB-9188C885F243}.Release|x64.ActiveCfg = Release|x64
		{306EBD9E-F0B4-402E-BEAB-9188C885F243}.Release|x64.Build.0 = Release|x64
		{78D5D57A-0068-486E-A657-07F7AF9F7866}.Debug|Any CPU.ActiveCfg = Debug|Win32
		{78D5D57A-0068-486E-A657-07F7AF9F7866}.Debug|Any CPU.Build.0 = Debug|Win32
		{78D5D57A-0068-486E-A657-07F7AF9F7866}.Debug|Win32.ActiveCfg = Debug|Win32
		{78D5D57A-0068-486E-A657-07F7AF9F7866}.Debug|Win32.Build.0 = Debug|Win32
		{78D5D57A-0068-486E-A657-07F7AF9F7866}.Debug|x64.ActiveCfg = Debug|x64
		{78D5D57A-0068-486E-A657-07F7AF9F7866}.Debug|x64.Build.0 = Debug|x64
		{78D5D57A-0068-486E-A657-07F7AF9F7866}.Release|Any CPU.ActiveCfg = Release|Win32
		{78D5D57A-0068-486E-A657-07F7AF9F7866}.Release|Any CPU.Build.0 = Release|Win32
		{78D5D57A-0068-486E-A657-07F7AF9F7866}.Release|Win32.ActiveCfg = Release|Win32
		{78D5D57A-0068-486E-A657-07F7AF9F7866}.Release|Win32.Build.0 = Release|Win32
		{78D5D57A-0068-486E-A657-07F7AF9F7866}.Release|x64.ActiveCfg = Release|x64
		{78D5D57A-0068-486E-A657-07F7AF9F7866}.Release|x64.Build.0 = Release|x64
		{EF822D69-CF3D-43AD-B165-88BBFFAFB3A1}.Debug|Any CPU.ActiveCfg = Debug|x64
		{EF822D69-CF3D-43AD-B165-88BBFFAFB3A1}.Debug|Any CPU.Build.0 = Debug|x64
		{EF822D69-CF3D-43AD-B165-88BBFFAFB3A1}.Debug|Win32.ActiveCfg = Debug|Win32
		{EF822D69-CF3D-43AD-B165-88BBFFAFB3A1}.Debug|Win32.Build.0 = Debug|Win32
		{EF822D69-CF3D-43AD-B165-88BBFFAFB3A1}.Debug|x64.ActiveCfg = Debug|x64
		{EF822D69-CF3D-43AD-B165-88BBFFAFB3A1}.Debug|x64.Build.0 = Debug|x64
		{EF822D69-CF3D-43AD-B165-88BBFFAFB3A1}.Release|Any CPU.ActiveCfg = Release|x64
		{EF822D69-CF3D-43AD-B165-88BBFFAFB3A1}.Release|Any CPU.Build.0 = Release|x64
		{EF822D69-CF3D-43AD-B165-88BBFFAFB3A1}.Release|Win32.ActiveCfg = Release|Win32
		{EF822D69-CF3D-43AD-B165-88BBFFAFB3A1}.Release|Win32.Build.0 = Release|Win32
		{EF822D69-CF3D-43AD-B165-88BBFFAFB3A1}.Release|x64.ActiveCfg = Release|x64
		{EF822D69-CF3D-43AD-B165-88BBFFAFB3A1}.Release|x64.Build.0 = Release|x64
		{64038FA4-4966-4477-95E9-F90F1CA04E91}.Debug|Any CPU.ActiveCfg = Debug|x64
		{64038FA4-4966-4477-95E9-F90F1CA04E91}.Debug|Any CPU.Build.0 = Debug|x64
		{64038FA4-4966-4477-95E9-F90F1CA04E91}.Debug|Win32.ActiveCfg = Debug|Win32
		{64038FA4-4966-4477-95E9-F90F1CA04E91}.Debug|Win32.Build.0 = Debug|Win32
		{64038FA4-4966-4477-95E9-F90F1CA04E91}.Debug|x64.ActiveCfg = Debug|x64
		{64038FA4-4966-4477-95E9-F90F1CA04E91}.Debug|x64.Build.0 = Debug|x64
		{64038FA4-4966-4477-95E9-F90F1CA04E91}.Release|Any CPU.ActiveCfg = Release|x64
		{64038FA4-4966-4477-95E9-F90F1CA04E91}.Release|Any CPU.Build.0 = Release|x64
		{64038FA4-4966-4477-95E9-F90F1CA04E91}.Release|Win32.ActiveCfg = Release|Win32
		{64038FA4-4966-4477-95E9-F90F1CA04E91}.Release|Win32.Build.0 = Release|Win32
		{64038FA4-4966-4477-95E9-F90F1CA04E91}.Release|x64.ActiveCfg = Release|x64
		{64038FA4-4966-4477-95E9-F90F1CA04E91}.Release|x64.Build.0 = Release|x64
		{109BC31E-9E9D-40B2-885B-FDBEC369274E}.Debug|Any CPU.ActiveCfg = Debug|x64
		{109BC31E-9E9D-40B2-885B-FDBEC369274E}.Debug|Any CPU.Build.0 = Debug|x64
		{109BC31E-9E9D-40B2-885B-FDBEC369274E}.Debug|Win32.ActiveCfg = Debug|Win32
		{109BC31E-9E9D-40B2-885B-FDBEC369274E}.Debug|Win32.Build.0 = Debug|Win32
		{109BC31E-9E9D-40B2-885B-FDBEC369274E}.Debug|x64.ActiveCfg = Debug|x64
		{109BC31E-9E9D-40B2-885B-FDBEC369274E}.Debug|x64.Build.0 = Debug|x64
		{109BC31E-9E9D-40B2-885B-FDBEC369274E}.Release|Any CPU.ActiveCfg = Release|x64
		{109BC31E-9E9D-40B2-885B-FDBEC369274E}.Release|Any CPU.Build.0 = Release|x64
		{109BC31E-9E9D-40B2-885B-FDBEC369274E}.Release|Win32.ActiveCfg = Release|Win32
		{109BC31E-9E9D-40B2-885B-FDBEC369274E}.Release|Win32.Build.0 = Release|Win32
		{109BC31E-9E9D-40B2-885B-FDBEC369274E}.Release|x64.ActiveCfg = Release|x64
		{109BC31E-9E9D-40B2-885B-FDBEC369274E}.Release|x64.Build.0 = Release|x64
		{AC6C0815-21D9-4B62-B190-4BCDE8CB5597}.Debug|Any CPU.ActiveCfg = Debug|Win32
		{AC6C0815-21D9-4B62-B190-4BCDE8CB5597}.Debug|Any CPU.Build.0 = Debug|Win32
		{AC6C0815-21D9-4B62-B190-4BCDE8CB5597}.Debug|Win32.ActiveCfg = Debug|Win32
		{AC6C0815-21D9-4B62-B190-4BCDE8CB5597}.Debug|Win32.Build.0 = Debug|Win32
		{AC6C0815-21D9-4B62-B190-4BCDE8CB5597}.Debug|x64.ActiveCfg = Debug|x64
		{AC6C0815-21D9-4B62-B190-4BCDE8CB5597}.Debug|x64.Build.0 = Debug|x64
		{AC6C0815-21D9-4B62-B190-4BCDE8CB5597}.Release|Any CPU.ActiveCfg = Release|Win32
		{AC6C0815-21D9-4B62-B190-4BCDE8CB5597}.Release|Any CPU.Build.0 = Release|Win32
		{AC6C0815-21D9-4B62-B190-4BCDE8CB5597}.Release|Win32.ActiveCfg = Release|Win32
		{AC6C0815-21D9-4B62-B190-4BCDE8CB5597}.Release|Win32.Build.0 = Release|Win32
		{AC6C0815-21D9-4B62-B190-4BCDE8CB5597}.Release|x64.ActiveCfg = Release|x64
		{AC6C0815-21D9-4B62-B190-4BCDE8CB5597}.Release|x64.Build.0 = Release|x64
		{B3B4A54A-03C5-4D9E-B5D3-FCD4FF371291}.Debug|Any CPU.ActiveCfg = Debug|Win32
		{B3B4A54A-03C5-4D9E-B5D3-FCD4FF371291}.Debug|Any CPU.Build.0 = Debug|Win32
		{B3B4A54A-03C5-4D9E-B5D3-FCD4FF371291}.Debug|Win32.ActiveCfg = Debug|Win32
		{B3B4A54A-03C5-4D9E-B5D3-FCD4FF371291}.Debug|Win32.Build.0 = Debug|Win32
		{B3B4A54A-03C5-4D9E-B5D3-FCD4FF371291}.Debug|x64.ActiveCfg = Debug|x64
		{B3B4A54A-03C5-4D9E-B5D3-FCD4FF371291}.Debug|x64.Build.0 = Debug|x64
		{B3B4A54A-03C5-4D9E-B5D3-FCD4FF371291}.Release|Any CPU.ActiveCfg = Release|Win32
		{B3B4A54A-03C5-4D9E-B5D3-FCD4FF371291}.Release|Any CPU.Build.0 = Release|Win32
		{B3B4A54A-03C5-4D9E-B5D3-FCD4FF371291}.Release|Win32.ActiveCfg = Release|Win32
		{B3B4A54A-03C5-4D9E-B5D3-FCD4FF371291}.Release|Win32.Build.0 = Release|Win32
		{B3B4A54A-03C5-4D9E-B5D3-FCD4FF371291}.Release|x64.ActiveCfg = Release|x64
		{B3B4A54A-03C5-4D9E-B5D3-FCD4FF371291}.Release|x64.Build.0 = Release|x64
		{3E010024-DDC4-4B59-8A17-3906C0249200}.Debug|Any CPU.ActiveCfg = Debug|Win32
		{3E010024-DDC4-4B59-8A17-3906C0249200}.Debug|Any CPU.Build.0 = Debug|Win32
		{3E010024-DDC4-4B59-8A17-3906C0249200}.Debug|Win32.ActiveCfg = Debug|Win32
		{3E010024-DDC4-4B59-8A17-3906C0249200}.Debug|Win32.Build.0 = Debug|Win32
		{3E010024-DDC4-4B59-8A17-3906C0249200}.Debug|x64.ActiveCfg = Debug|Win32
		{3E010024-DDC4-4B59-8A17-3906C0249200}.Debug|x64.Build.0 = Debug|Win32
		{3E010024-DDC4-4B59-8A17-3906C0249200}.Release|Any CPU.ActiveCfg = Release|Win32
		{3E010024-DDC4-4B59-8A17-3906C0249200}.Release|Any CPU.Build.0 = Release|Win32
		{3E010024-DDC4-4B59-8A17-3906C0249200}.Release|Win32.ActiveCfg = Release|Win32
		{3E010024-DDC4-4B59-8A17-3906C0249200}.Release|Win32.Build.0 = Release|Win32
		{3E010024-DDC4-4B59-8A17-3906C0249200}.Release|x64.ActiveCfg = Release|x64
		{3E010024-DDC4-4B59-8A17-3906C0249200}.Release|x64.Build.0 = Release|x64
		{A5E037A2-618D-41B5-AAE6-E5F272F666C4}.Debug|Any CPU.ActiveCfg = Debug|x64
		{A5E037A2-618D-41B5-AAE6-E5F272F666C4}.Debug|Any CPU.Build.0 = Debug|x64
		{A5E037A2-618D-41B5-AAE6-E5F272F666C4}.Debug|Win32.ActiveCfg = Debug|Win32
		{A5E037A2-618D-41B5-AAE6-E5F272F666C4}.Debug|Win32.Build.0 = Debug|Win32
		{A5E037A2-618D-41B5-AAE6-E5F272F666C4}.Debug|x64.ActiveCfg = Debug|x64
		{A5E037A2-618D-41B5-AAE6-E5F272F666C4}.Debug|x64.Build.0 = Debug|x64
		{A5E037A2-618D-41B5-AAE6-E5F272F666C4}.Release|Any CPU.ActiveCfg = Release|x64
		{A5E037A2-618D-41B5-AAE6-E5F272F666C4}.Release|Any CPU.Build.0 = Release|x64
		{A5E037A2-618D-41B5-AAE6-E5F272F666C4}.Release|Win32.ActiveCfg = Release|Win32
		{A5E037A2-618D-41B5-AAE6-E5F272F666C4}.Release|Win32.Build.0 = Release|Win32
		{A5E037A2-618D-41B5-AAE6-E5F272F666C4}.Release|x64.ActiveCfg = Release|x64
		{A5E037A2-618D-41B5-AAE6-E5F272F666C4}.Release|x64.Build.0 = Release|x64
		{E01F4F8C-59AB-4E9E-BC09-E3ED5043D073}.Debug|Any CPU.ActiveCfg = Debug|x64
		{E01F4F8C-59AB-4E9E-BC09-E3ED5043D073}.Debug|Any CPU.Build.0 = Debug|x64
		{E01F4F8C-59AB-4E9E-BC09-E3ED5043D073}.Debug|Win32.ActiveCfg = Debug|Win32
		{E01F4F8C-59AB-4E9E-BC09-E3ED5043D073}.Debug|Win32.Build.0 = Debug|Win32
		{E01F4F8C-59AB-4E9E-BC09-E3ED5043D073}.Debug|x64.ActiveCfg = Debug|x64
		{E01F4F8C-59AB-4E9E-BC09-E3ED5043D073}.Debug|x64.Build.0 = Debug|x64
		{E01F4F8C-59AB-4E9E-BC09-E3ED5043D073}.Release|Any CPU.ActiveCfg = Release|x64
		{E01F4F8C-59AB-4E9E-BC09-E3ED5043D073}.Release|Any CPU.Build.0 = Release|x64
		{E01F4F8C-59AB-4E9E-BC09-E3ED5043D073}.Release|Win32.ActiveCfg = Release|Win32
		{E01F4F8C-59AB-4E9E-BC09-E3ED5043D073}.Release|Win32.Build.0 = Release|Win32
		{E01F4F8C-59AB-4E9E-BC09-E3ED5043D073}.Release|x64.ActiveCfg = Release|x64
		{E01F4F8C-59AB-4E9E-BC09-E3ED5043D073}.Release|x64.Build.0 = Release|x64
		{41E4B2E6-6E6B-4679-B73C-88A8256206D8}.Debug|Any CPU.ActiveCfg = Debug|x64
		{41E4B2E6-6E6B-4679-B73C-88A8256206D8}.Debug|Any CPU.Build.0 = Debug|x64
		{41E4B2E6-6E6B-4679-B73C-88A8256206D8}.Debug|Win32.ActiveCfg = Debug|Win32
		{41E4B2E6-6E6B-4679-B73C-88A8256206D8}.Debug|Win32.Build.0 = Debug|Win32
		{41E4B2E6-6E6B-4679-B73C-88A8256206D8}.Debug|x64.ActiveCfg = Debug|x64
		{41E4B2E6-6E6B-4679-B73C-88A8256206D8}.Debug|x64.Build.0 = Debug|x64
		{41E4B2E6-6E6B-4679-B73C-88A8256206D8}.Release|Any CPU.ActiveCfg = Release|x64
		{41E4B2E6-6E6B-4679-B73C-88A8256206D8}.Release|Any CPU.Build.0 = Release|x64
		{41E4B2E6-6E6B-4679-B73C-88A8256206D8}.Release|Win32.ActiveCfg = Release|Win32
		{41E4B2E6-6E6B-4679-B73C-88A8256206D8}.Release|Win32.Build.0 = Release|Win32
		{41E4B2E6-6E6B-4679-B73C-88A8256206D8}.Release|x64.ActiveCfg = Release|x64
		{41E4B2E6-6E6B-4679-B73C-88A8256206D8}.Release|x64.Build.0 = Release|x64
	EndGlobalSection
	GlobalSection(SolutionProperties) = preSolution
		HideSolutionNode = FALSE
	EndGlobalSection
	GlobalSection(ExtensibilityGlobals) = postSolution
		SolutionGuid = {70340EDB-ADAA-4A4C-8053-1E9329C69D45}
	EndGlobalSection
	GlobalSection(Performance) = preSolution
		HasPerformanceSessions = true
	EndGlobalSection
EndGlobal
